
Microsoft Visual Studio Solution File, Format Version 12.00
# Visual Studio Version 16
VisualStudioVersion = 16.0.32106.194
MinimumVisualStudioVersion = 10.0.40219.1
Project("{FAE04EC0-301F-11D3-BF4B-00C04F79EFBC}") = "MvcCoreConsumoApiEmpleados2022", "MvcCoreConsumoApiEmpleados2022\MvcCoreConsumoApiEmpleados2022.csproj", "{359813E0-757B-4FAD-9158-B29566DF840A}"
EndProject
Global
	GlobalSection(SolutionConfigurationPlatforms) = preSolution
		Debug|Any CPU = Debug|Any CPU
		Release|Any CPU = Release|Any CPU
	EndGlobalSection
	GlobalSection(ProjectConfigurationPlatforms) = postSolution
		{359813E0-757B-4FAD-9158-B29566DF840A}.Debug|Any CPU.ActiveCfg = Debug|Any CPU
		{359813E0-757B-4FAD-9158-B29566DF840A}.Debug|Any CPU.Build.0 = Debug|Any CPU
		{359813E0-757B-4FAD-9158-B29566DF840A}.Release|Any CPU.ActiveCfg = Release|Any CPU
		{359813E0-757B-4FAD-9158-B29566DF840A}.Release|Any CPU.Build.0 = Release|Any CPU
	EndGlobalSection
	GlobalSection(SolutionProperties) = preSolution
		HideSolutionNode = FALSE
	EndGlobalSection
	GlobalSection(ExtensibilityGlobals) = postSolution
		SolutionGuid = {BAE99504-2A3C-4CEC-A297-3022B5FAB9FE}
	EndGlobalSection
EndGlobal
